
Microsoft Visual Studio Solution File, Format Version 12.00
# Visual Studio Version 16
VisualStudioVersion = 16.0.31702.278
MinimumVisualStudioVersion = 10.0.40219.1
Project("{FAE04EC0-301F-11D3-BF4B-00C04F79EFBC}") = "Wpf8", "Wpf8\Wpf8.csproj", "{DDEE33C3-E109-4357-9F0F-F33814C0A7D9}"
EndProject
Global
	GlobalSection(SolutionConfigurationPlatforms) = preSolution
		Debug|Any CPU = Debug|Any CPU
		Release|Any CPU = Release|Any CPU
	EndGlobalSection
	GlobalSection(ProjectConfigurationPlatforms) = postSolution
		{DDEE33C3-E109-4357-9F0F-F33814C0A7D9}.Debug|Any CPU.ActiveCfg = Debug|Any CPU
		{DDEE33C3-E109-4357-9F0F-F33814C0A7D9}.Debug|Any CPU.Build.0 = Debug|Any CPU
		{DDEE33C3-E109-4357-9F0F-F33814C0A7D9}.Release|Any CPU.ActiveCfg = Release|Any CPU
		{DDEE33C3-E109-4357-9F0F-F33814C0A7D9}.Release|Any CPU.Build.0 = Release|Any CPU
	EndGlobalSection
	GlobalSection(SolutionProperties) = preSolution
		HideSolutionNode = FALSE
	EndGlobalSection
	GlobalSection(ExtensibilityGlobals) = postSolution
		SolutionGuid = {4D8DA2F2-E581-4CD2-A817-4FC1B03D94BF}
	EndGlobalSection
EndGlobal
